
Microsoft Visual Studio Solution File, Format Version 12.00
# Visual Studio Version 17
VisualStudioVersion = 17.2.32526.322
MinimumVisualStudioVersion = 10.0.40219.1
Project("{FAE04EC0-301F-11D3-BF4B-00C04F79EFBC}") = "SR21", "SR21\SR21.csproj", "{5A2BBC33-EB60-424C-94F0-493CEBE7CF48}"
EndProject
Global
	GlobalSection(SolutionConfigurationPlatforms) = preSolution
		Debug|Any CPU = Debug|Any CPU
		Release|Any CPU = Release|Any CPU
	EndGlobalSection
	GlobalSection(ProjectConfigurationPlatforms) = postSolution
		{5A2BBC33-EB60-424C-94F0-493CEBE7CF48}.Debug|Any CPU.ActiveCfg = Debug|Any CPU
		{5A2BBC33-EB60-424C-94F0-493CEBE7CF48}.Debug|Any CPU.Build.0 = Debug|Any CPU
		{5A2BBC33-EB60-424C-94F0-493CEBE7CF48}.Release|Any CPU.ActiveCfg = Release|Any CPU
		{5A2BBC33-EB60-424C-94F0-493CEBE7CF48}.Release|Any CPU.Build.0 = Release|Any CPU
	EndGlobalSection
	GlobalSection(SolutionProperties) = preSolution
		HideSolutionNode = FALSE
	EndGlobalSection
	GlobalSection(ExtensibilityGlobals) = postSolution
		SolutionGuid = {0EA83F62-BFA0-45C8-B5AF-33312CBDA2C3}
	EndGlobalSection
EndGlobal
